
Microsoft Visual Studio Solution File, Format Version 12.00
# Visual Studio 15
VisualStudioVersion = 15.0.27130.2036
MinimumVisualStudioVersion = 10.0.40219.1
Project("{FAE04EC0-301F-11D3-BF4B-00C04F79EFBC}") = "WF_FacturadorSunat", "WF_FacturadorSunat\WF_FacturadorSunat.csproj", "{ADDCF76A-725E-4251-AABE-73A98477884D}"
EndProject
Global
	GlobalSection(SolutionConfigurationPlatforms) = preSolution
		Debug|Any CPU = Debug|Any CPU
		Release|Any CPU = Release|Any CPU
	EndGlobalSection
	GlobalSection(ProjectConfigurationPlatforms) = postSolution
		{ADDCF76A-725E-4251-AABE-73A98477884D}.Debug|Any CPU.ActiveCfg = Debug|Any CPU
		{ADDCF76A-725E-4251-AABE-73A98477884D}.Debug|Any CPU.Build.0 = Debug|Any CPU
		{ADDCF76A-725E-4251-AABE-73A98477884D}.Release|Any CPU.ActiveCfg = Release|Any CPU
		{ADDCF76A-725E-4251-AABE-73A98477884D}.Release|Any CPU.Build.0 = Release|Any CPU
	EndGlobalSection
	GlobalSection(SolutionProperties) = preSolution
		HideSolutionNode = FALSE
	EndGlobalSection
	GlobalSection(ExtensibilityGlobals) = postSolution
		SolutionGuid = {A09B6522-C536-4BDD-ACE8-0780268C0CC5}
	EndGlobalSection
EndGlobal
